
Microsoft Visual Studio Solution File, Format Version 12.00
# Visual Studio Version 17
VisualStudioVersion = 17.5.33516.290
MinimumVisualStudioVersion = 10.0.40219.1
Project("{9A19103F-16F7-4668-BE54-9A1E7A4F7556}") = "BlazingPizza", "BlazingPizza.csproj", "{19AC7956-3C16-493C-B88A-C43EDFE5E19A}"
EndProject
Global
	GlobalSection(SolutionConfigurationPlatforms) = preSolution
		Debug|Any CPU = Debug|Any CPU
		Release|Any CPU = Release|Any CPU
	EndGlobalSection
	GlobalSection(ProjectConfigurationPlatforms) = postSolution
		{19AC7956-3C16-493C-B88A-C43EDFE5E19A}.Debug|Any CPU.ActiveCfg = Debug|Any CPU
		{19AC7956-3C16-493C-B88A-C43EDFE5E19A}.Debug|Any CPU.Build.0 = Debug|Any CPU
		{19AC7956-3C16-493C-B88A-C43EDFE5E19A}.Release|Any CPU.ActiveCfg = Release|Any CPU
		{19AC7956-3C16-493C-B88A-C43EDFE5E19A}.Release|Any CPU.Build.0 = Release|Any CPU
	EndGlobalSection
	GlobalSection(SolutionProperties) = preSolution
		HideSolutionNode = FALSE
	EndGlobalSection
	GlobalSection(ExtensibilityGlobals) = postSolution
		SolutionGuid = {3A7139D5-F156-483D-916A-95689DD8A845}
	EndGlobalSection
EndGlobal
